// !$*UTF8*$!
{
	archiveVersion = 1;
	classes = {
	};
	objectVersion = 56;
	objects = {

/* Begin PBXBuildFile section */
		B6772B4729D1B7D300676E48 /* Coordinator.swift in Sources */ = {isa = PBXBuildFile; fileRef = B6772B4629D1B7D300676E48 /* Coordinator.swift */; };
		B6772B4A29D1B8F300676E48 /* DisneyFilmsViewController.swift in Sources */ = {isa = PBXBuildFile; fileRef = B6772B4929D1B8F300676E48 /* DisneyFilmsViewController.swift */; };
		B6772B4C29D1B90A00676E48 /* DisneyFilmsView.swift in Sources */ = {isa = PBXBuildFile; fileRef = B6772B4B29D1B90A00676E48 /* DisneyFilmsView.swift */; };
		B6772B4E29D1B92200676E48 /* DisneyFilmsViewModel.swift in Sources */ = {isa = PBXBuildFile; fileRef = B6772B4D29D1B92200676E48 /* DisneyFilmsViewModel.swift */; };
		B68B56A229D1345300B0D081 /* AppDelegate.swift in Sources */ = {isa = PBXBuildFile; fileRef = B68B56A129D1345300B0D081 /* AppDelegate.swift */; };
		B68B56A429D1345300B0D081 /* SceneDelegate.swift in Sources */ = {isa = PBXBuildFile; fileRef = B68B56A329D1345300B0D081 /* SceneDelegate.swift */; };
		B68B56AB29D1345400B0D081 /* Assets.xcassets in Resources */ = {isa = PBXBuildFile; fileRef = B68B56AA29D1345400B0D081 /* Assets.xcassets */; };
		B68B56AE29D1345400B0D081 /* LaunchScreen.storyboard in Resources */ = {isa = PBXBuildFile; fileRef = B68B56AC29D1345400B0D081 /* LaunchScreen.storyboard */; };
		B68B56BB29D13A8600B0D081 /* Disney.swift in Sources */ = {isa = PBXBuildFile; fileRef = B68B56BA29D13A8600B0D081 /* Disney.swift */; };
/* End PBXBuildFile section */

/* Begin PBXFileReference section */
		B6772B4629D1B7D300676E48 /* Coordinator.swift */ = {isa = PBXFileReference; lastKnownFileType = sourcecode.swift; path = Coordinator.swift; sourceTree = "<group>"; };
		B6772B4929D1B8F300676E48 /* DisneyFilmsViewController.swift */ = {isa = PBXFileReference; lastKnownFileType = sourcecode.swift; path = DisneyFilmsViewController.swift; sourceTree = "<group>"; };
		B6772B4B29D1B90A00676E48 /* DisneyFilmsView.swift */ = {isa = PBXFileReference; lastKnownFileType = sourcecode.swift; path = DisneyFilmsView.swift; sourceTree = "<group>"; };
		B6772B4D29D1B92200676E48 /* DisneyFilmsViewModel.swift */ = {isa = PBXFileReference; lastKnownFileType = sourcecode.swift; path = DisneyFilmsViewModel.swift; sourceTree = "<group>"; };
		B68B569E29D1345300B0D081 /* Disney.app */ = {isa = PBXFileReference; explicitFileType = wrapper.application; includeInIndex = 0; path = Disney.app; sourceTree = BUILT_PRODUCTS_DIR; };
		B68B56A129D1345300B0D081 /* AppDelegate.swift */ = {isa = PBXFileReference; lastKnownFileType = sourcecode.swift; path = AppDelegate.swift; sourceTree = "<group>"; };
		B68B56A329D1345300B0D081 /* SceneDelegate.swift */ = {isa = PBXFileReference; lastKnownFileType = sourcecode.swift; path = SceneDelegate.swift; sourceTree = "<group>"; };
		B68B56AA29D1345400B0D081 /* Assets.xcassets */ = {isa = PBXFileReference; lastKnownFileType = folder.assetcatalog; path = Assets.xcassets; sourceTree = "<group>"; };
		B68B56AD29D1345400B0D081 /* Base */ = {isa = PBXFileReference; lastKnownFileType = file.storyboard; name = Base; path = Base.lproj/LaunchScreen.storyboard; sourceTree = "<group>"; };
		B68B56AF29D1345400B0D081 /* Info.plist */ = {isa = PBXFileReference; lastKnownFileType = text.plist.xml; path = Info.plist; sourceTree = "<group>"; };
		B68B56BA29D13A8600B0D081 /* Disney.swift */ = {isa = PBXFileReference; lastKnownFileType = sourcecode.swift; path = Disney.swift; sourceTree = "<group>"; };
/* End PBXFileReference section */

/* Begin PBXFrameworksBuildPhase section */
		B68B569B29D1345300B0D081 /* Frameworks */ = {
			isa = PBXFrameworksBuildPhase;
			buildActionMask = 2147483647;
			files = (
			);
			runOnlyForDeploymentPostprocessing = 0;
		};
/* End PBXFrameworksBuildPhase section */

/* Begin PBXGroup section */
		B6772B4829D1B86D00676E48 /* DisneyFilmsViewController */ = {
			isa = PBXGroup;
			children = (
				B6772B4B29D1B90A00676E48 /* DisneyFilmsView.swift */,
				B6772B4929D1B8F300676E48 /* DisneyFilmsViewController.swift */,
				B6772B4D29D1B92200676E48 /* DisneyFilmsViewModel.swift */,
			);
			name = DisneyFilmsViewController;
			sourceTree = "<group>";
		};
		B68B569529D1345300B0D081 = {
			isa = PBXGroup;
			children = (
				B68B56A029D1345300B0D081 /* Disney */,
				B68B56B529D1365600B0D081 /* Source */,
				B68B569F29D1345300B0D081 /* Products */,
			);
			sourceTree = "<group>";
		};
		B68B569F29D1345300B0D081 /* Products */ = {
			isa = PBXGroup;
			children = (
				B68B569E29D1345300B0D081 /* Disney.app */,
			);
			name = Products;
			sourceTree = "<group>";
		};
		B68B56A029D1345300B0D081 /* Disney */ = {
			isa = PBXGroup;
			children = (
				B68B56A129D1345300B0D081 /* AppDelegate.swift */,
				B68B56A329D1345300B0D081 /* SceneDelegate.swift */,
				B68B56AA29D1345400B0D081 /* Assets.xcassets */,
				B68B56AC29D1345400B0D081 /* LaunchScreen.storyboard */,
				B68B56AF29D1345400B0D081 /* Info.plist */,
			);
			path = Disney;
			sourceTree = "<group>";
		};
		B68B56B529D1365600B0D081 /* Source */ = {
			isa = PBXGroup;
			children = (
				B68B56B629D1366700B0D081 /* Coordinator */,
				B68B56B829D1368500B0D081 /* Model */,
				B68B56B929D136C100B0D081 /* Network */,
				B68B56B729D1367100B0D081 /* ViewControllers */,
			);
			path = Source;
			sourceTree = "<group>";
		};
		B68B56B629D1366700B0D081 /* Coordinator */ = {
			isa = PBXGroup;
			children = (
				B6772B4629D1B7D300676E48 /* Coordinator.swift */,
			);
			path = Coordinator;
			sourceTree = "<group>";
		};
		B68B56B729D1367100B0D081 /* ViewControllers */ = {
			isa = PBXGroup;
			children = (
				B6772B4829D1B86D00676E48 /* DisneyFilmsViewController */,
			);
			path = ViewControllers;
			sourceTree = "<group>";
		};
		B68B56B829D1368500B0D081 /* Model */ = {
			isa = PBXGroup;
			children = (
				B68B56BA29D13A8600B0D081 /* Disney.swift */,
			);
			path = Model;
			sourceTree = "<group>";
		};
		B68B56B929D136C100B0D081 /* Network */ = {
			isa = PBXGroup;
			children = (
			);
			path = Network;
			sourceTree = "<group>";
		};
/* End PBXGroup section */

/* Begin PBXNativeTarget section */
		B68B569D29D1345300B0D081 /* Disney */ = {
			isa = PBXNativeTarget;
			buildConfigurationList = B68B56B229D1345400B0D081 /* Build configuration list for PBXNativeTarget "Disney" */;
			buildPhases = (
				B68B569A29D1345300B0D081 /* Sources */,
				B68B569B29D1345300B0D081 /* Frameworks */,
				B68B569C29D1345300B0D081 /* Resources */,
			);
			buildRules = (
			);
			dependencies = (
			);
			name = Disney;
			productName = Disney;
			productReference = B68B569E29D1345300B0D081 /* Disney.app */;
			productType = "com.apple.product-type.application";
		};
/* End PBXNativeTarget section */

/* Begin PBXProject section */
		B68B569629D1345300B0D081 /* Project object */ = {
			isa = PBXProject;
			attributes = {
				BuildIndependentTargetsInParallel = 1;
				LastSwiftUpdateCheck = 1420;
				LastUpgradeCheck = 1420;
				TargetAttributes = {
					B68B569D29D1345300B0D081 = {
						CreatedOnToolsVersion = 14.2;
					};
				};
			};
			buildConfigurationList = B68B569929D1345300B0D081 /* Build configuration list for PBXProject "Disney" */;
			compatibilityVersion = "Xcode 14.0";
			developmentRegion = en;
			hasScannedForEncodings = 0;
			knownRegions = (
				en,
				Base,
			);
			mainGroup = B68B569529D1345300B0D081;
			productRefGroup = B68B569F29D1345300B0D081 /* Products */;
			projectDirPath = "";
			projectRoot = "";
			targets = (
				B68B569D29D1345300B0D081 /* Disney */,
			);
		};
/* End PBXProject section */

/* Begin PBXResourcesBuildPhase section */
		B68B569C29D1345300B0D081 /* Resources */ = {
			isa = PBXResourcesBuildPhase;
			buildActionMask = 2147483647;
			files = (
				B68B56AE29D1345400B0D081 /* LaunchScreen.storyboard in Resources */,
				B68B56AB29D1345400B0D081 /* Assets.xcassets in Resources */,
			);
			runOnlyForDeploymentPostprocessing = 0;
		};
/* End PBXResourcesBuildPhase section */

/* Begin PBXSourcesBuildPhase section */
		B68B569A29D1345300B0D081 /* Sources */ = {
			isa = PBXSourcesBuildPhase;
			buildActionMask = 2147483647;
			files = (
				B6772B4A29D1B8F300676E48 /* DisneyFilmsViewController.swift in Sources */,
				B6772B4729D1B7D300676E48 /* Coordinator.swift in Sources */,
				B68B56A229D1345300B0D081 /* AppDelegate.swift in Sources */,
				B68B56A429D1345300B0D081 /* SceneDelegate.swift in Sources */,
				B6772B4C29D1B90A00676E48 /* DisneyFilmsView.swift in Sources */,
				B6772B4E29D1B92200676E48 /* DisneyFilmsViewModel.swift in Sources */,
				B68B56BB29D13A8600B0D081 /* Disney.swift in Sources */,
			);
			runOnlyForDeploymentPostprocessing = 0;
		};
/* End PBXSourcesBuildPhase section */

/* Begin PBXVariantGroup section */
		B68B56AC29D1345400B0D081 /* LaunchScreen.storyboard */ = {
			isa = PBXVariantGroup;
			children = (
				B68B56AD29D1345400B0D081 /* Base */,
			);
			name = LaunchScreen.storyboard;
			sourceTree = "<group>";
		};
/* End PBXVariantGroup section */

/* Begin XCBuildConfiguration section */
		B68B56B029D1345400B0D081 /* Debug */ = {
			isa = XCBuildConfiguration;
			buildSettings = {
				ALWAYS_SEARCH_USER_PATHS = NO;
				CLANG_ANALYZER_NONNULL = YES;
				CLANG_ANALYZER_NUMBER_OBJECT_CONVERSION = YES_AGGRESSIVE;
				CLANG_CXX_LANGUAGE_STANDARD = "gnu++20";
				CLANG_ENABLE_MODULES = YES;
				CLANG_ENABLE_OBJC_ARC = YES;
				CLANG_ENABLE_OBJC_WEAK = YES;
				CLANG_WARN_BLOCK_CAPTURE_AUTORELEASING = YES;
				CLANG_WARN_BOOL_CONVERSION = YES;
				CLANG_WARN_COMMA = YES;
				CLANG_WARN_CONSTANT_CONVERSION = YES;
				CLANG_WARN_DEPRECATED_OBJC_IMPLEMENTATIONS = YES;
				CLANG_WARN_DIRECT_OBJC_ISA_USAGE = YES_ERROR;
				CLANG_WARN_DOCUMENTATION_COMMENTS = YES;
				CLANG_WARN_EMPTY_BODY = YES;
				CLANG_WARN_ENUM_CONVERSION = YES;
				CLANG_WARN_INFINITE_RECURSION = YES;
				CLANG_WARN_INT_CONVERSION = YES;
				CLANG_WARN_NON_LITERAL_NULL_CONVERSION = YES;
				CLANG_WARN_OBJC_IMPLICIT_RETAIN_SELF = YES;
				CLANG_WARN_OBJC_LITERAL_CONVERSION = YES;
				CLANG_WARN_OBJC_ROOT_CLASS = YES_ERROR;
				CLANG_WARN_QUOTED_INCLUDE_IN_FRAMEWORK_HEADER = YES;
				CLANG_WARN_RANGE_LOOP_ANALYSIS = YES;
				CLANG_WARN_STRICT_PROTOTYPES = YES;
				CLANG_WARN_SUSPICIOUS_MOVE = YES;
				CLANG_WARN_UNGUARDED_AVAILABILITY = YES_AGGRESSIVE;
				CLANG_WARN_UNREACHABLE_CODE = YES;
				CLANG_WARN__DUPLICATE_METHOD_MATCH = YES;
				COPY_PHASE_STRIP = NO;
				DEBUG_INFORMATION_FORMAT = dwarf;
				ENABLE_STRICT_OBJC_MSGSEND = YES;
				ENABLE_TESTABILITY = YES;
				GCC_C_LANGUAGE_STANDARD = gnu11;
				GCC_DYNAMIC_NO_PIC = NO;
				GCC_NO_COMMON_BLOCKS = YES;
				GCC_OPTIMIZATION_LEVEL = 0;
				GCC_PREPROCESSOR_DEFINITIONS = (
					"DEBUG=1",
					"$(inherited)",
				);
				GCC_WARN_64_TO_32_BIT_CONVERSION = YES;
				GCC_WARN_ABOUT_RETURN_TYPE = YES_ERROR;
				GCC_WARN_UNDECLARED_SELECTOR = YES;
				GCC_WARN_UNINITIALIZED_AUTOS = YES_AGGRESSIVE;
				GCC_WARN_UNUSED_FUNCTION = YES;
				GCC_WARN_UNUSED_VARIABLE = YES;
				IPHONEOS_DEPLOYMENT_TARGET = 16.2;
				MTL_ENABLE_DEBUG_INFO = INCLUDE_SOURCE;
				MTL_FAST_MATH = YES;
				ONLY_ACTIVE_ARCH = YES;
				SDKROOT = iphoneos;
				SWIFT_ACTIVE_COMPILATION_CONDITIONS = DEBUG;
				SWIFT_OPTIMIZATION_LEVEL = "-Onone";
			};
			name = Debug;
		};
		B68B56B129D1345400B0D081 /* Release */ = {
			isa = XCBuildConfiguration;
			buildSettings = {
				ALWAYS_SEARCH_USER_PATHS = NO;
				CLANG_ANALYZER_NONNULL = YES;
				CLANG_ANALYZER_NUMBER_OBJECT_CONVERSION = YES_AGGRESSIVE;
				CLANG_CXX_LANGUAGE_STANDARD = "gnu++20";
				CLANG_ENABLE_MODULES = YES;
				CLANG_ENABLE_OBJC_ARC = YES;
				CLANG_ENABLE_OBJC_WEAK = YES;
				CLANG_WARN_BLOCK_CAPTURE_AUTORELEASING = YES;
				CLANG_WARN_BOOL_CONVERSION = YES;
				CLANG_WARN_COMMA = YES;
				CLANG_WARN_CONSTANT_CONVERSION = YES;
				CLANG_WARN_DEPRECATED_OBJC_IMPLEMENTATIONS = YES;
				CLANG_WARN_DIRECT_OBJC_ISA_USAGE = YES_ERROR;
				CLANG_WARN_DOCUMENTATION_COMMENTS = YES;
				CLANG_WARN_EMPTY_BODY = YES;
				CLANG_WARN_ENUM_CONVERSION = YES;
				CLANG_WARN_INFINITE_RECURSION = YES;
				CLANG_WARN_INT_CONVERSION = YES;
				CLANG_WARN_NON_LITERAL_NULL_CONVERSION = YES;
				CLANG_WARN_OBJC_IMPLICIT_RETAIN_SELF = YES;
				CLANG_WARN_OBJC_LITERAL_CONVERSION = YES;
				CLANG_WARN_OBJC_ROOT_CLASS = YES_ERROR;
				CLANG_WARN_QUOTED_INCLUDE_IN_FRAMEWORK_HEADER = YES;
				CLANG_WARN_RANGE_LOOP_ANALYSIS = YES;
				CLANG_WARN_STRICT_PROTOTYPES = YES;
				CLANG_WARN_SUSPICIOUS_MOVE = YES;
				CLANG_WARN_UNGUARDED_AVAILABILITY = YES_AGGRESSIVE;
				CLANG_WARN_UNREACHABLE_CODE = YES;
				CLANG_WARN__DUPLICATE_METHOD_MATCH = YES;
				COPY_PHASE_STRIP = NO;
				DEBUG_INFORMATION_FORMAT = "dwarf-with-dsym";
				ENABLE_NS_ASSERTIONS = NO;
				ENABLE_STRICT_OBJC_MSGSEND = YES;
				GCC_C_LANGUAGE_STANDARD = gnu11;
				GCC_NO_COMMON_BLOCKS = YES;
				GCC_WARN_64_TO_32_BIT_CONVERSION = YES;
				GCC_WARN_ABOUT_RETURN_TYPE = YES_ERROR;
				GCC_WARN_UNDECLARED_SELECTOR = YES;
				GCC_WARN_UNINITIALIZED_AUTOS = YES_AGGRESSIVE;
				GCC_WARN_UNUSED_FUNCTION = YES;
				GCC_WARN_UNUSED_VARIABLE = YES;
				IPHONEOS_DEPLOYMENT_TARGET = 16.2;
				MTL_ENABLE_DEBUG_INFO = NO;
				MTL_FAST_MATH = YES;
				SDKROOT = iphoneos;
				SWIFT_COMPILATION_MODE = wholemodule;
				SWIFT_OPTIMIZATION_LEVEL = "-O";
				VALIDATE_PRODUCT = YES;
			};
			name = Release;
		};
		B68B56B329D1345400B0D081 /* Debug */ = {
			isa = XCBuildConfiguration;
			buildSettings = {
				ASSETCATALOG_COMPILER_APPICON_NAME = AppIcon;
				ASSETCATALOG_COMPILER_GLOBAL_ACCENT_COLOR_NAME = AccentColor;
				CODE_SIGN_STYLE = Automatic;
				CURRENT_PROJECT_VERSION = 1;
				GENERATE_INFOPLIST_FILE = YES;
				INFOPLIST_FILE = Disney/Info.plist;
				INFOPLIST_KEY_UIApplicationSupportsIndirectInputEvents = YES;
				INFOPLIST_KEY_UILaunchStoryboardName = LaunchScreen;
				INFOPLIST_KEY_UIMainStoryboardFile = "";
				INFOPLIST_KEY_UISupportedInterfaceOrientations_iPad = "UIInterfaceOrientationPortrait UIInterfaceOrientationPortraitUpsideDown UIInterfaceOrientationLandscapeLeft UIInterfaceOrientationLandscapeRight";
				INFOPLIST_KEY_UISupportedInterfaceOrientations_iPhone = "UIInterfaceOrientationPortrait UIInterfaceOrientationLandscapeLeft UIInterfaceOrientationLandscapeRight";
				LD_RUNPATH_SEARCH_PATHS = (
					"$(inherited)",
					"@executable_path/Frameworks",
				);
				MARKETING_VERSION = 1.0;
				PRODUCT_BUNDLE_IDENTIFIER = "Rogerio-Martins.Disney";
				PRODUCT_NAME = "$(TARGET_NAME)";
				SWIFT_EMIT_LOC_STRINGS = YES;
				SWIFT_VERSION = 5.0;
				TARGETED_DEVICE_FAMILY = "1,2";
			};
			name = Debug;
		};
		B68B56B429D1345400B0D081 /* Release */ = {
			isa = XCBuildConfiguration;
			buildSettings = {
				ASSETCATALOG_COMPILER_APPICON_NAME = AppIcon;
				ASSETCATALOG_COMPILER_GLOBAL_ACCENT_COLOR_NAME = AccentColor;
				CODE_SIGN_STYLE = Automatic;
				CURRENT_PROJECT_VERSION = 1;
				GENERATE_INFOPLIST_FILE = YES;
				INFOPLIST_FILE = Disney/Info.plist;
				INFOPLIST_KEY_UIApplicationSupportsIndirectInputEvents = YES;
				INFOPLIST_KEY_UILaunchStoryboardName = LaunchScreen;
				INFOPLIST_KEY_UIMainStoryboardFile = "";
				INFOPLIST_KEY_UISupportedInterfaceOrientations_iPad = "UIInterfaceOrientationPortrait UIInterfaceOrientationPortraitUpsideDown UIInterfaceOrientationLandscapeLeft UIInterfaceOrientationLandscapeRight";
				INFOPLIST_KEY_UISupportedInterfaceOrientations_iPhone = "UIInterfaceOrientationPortrait UIInterfaceOrientationLandscapeLeft UIInterfaceOrientationLandscapeRight";
				LD_RUNPATH_SEARCH_PATHS = (
					"$(inherited)",
					"@executable_path/Frameworks",
				);
				MARKETING_VERSION = 1.0;
				PRODUCT_BUNDLE_IDENTIFIER = "Rogerio-Martins.Disney";
				PRODUCT_NAME = "$(TARGET_NAME)";
				SWIFT_EMIT_LOC_STRINGS = YES;
				SWIFT_VERSION = 5.0;
				TARGETED_DEVICE_FAMILY = "1,2";
			};
			name = Release;
		};
/* End XCBuildConfiguration section */

/* Begin XCConfigurationList section */
		B68B569929D1345300B0D081 /* Build configuration list for PBXProject "Disney" */ = {
			isa = XCConfigurationList;
			buildConfigurations = (
				B68B56B029D1345400B0D081 /* Debug */,
				B68B56B129D1345400B0D081 /* Release */,
			);
			defaultConfigurationIsVisible = 0;
			defaultConfigurationName = Release;
		};
		B68B56B229D1345400B0D081 /* Build configuration list for PBXNativeTarget "Disney" */ = {
			isa = XCConfigurationList;
			buildConfigurations = (
				B68B56B329D1345400B0D081 /* Debug */,
				B68B56B429D1345400B0D081 /* Release */,
			);
			defaultConfigurationIsVisible = 0;
			defaultConfigurationName = Release;
		};
/* End XCConfigurationList section */
	};
	rootObject = B68B569629D1345300B0D081 /* Project object */;
}
